
Microsoft Visual Studio Solution File, Format Version 12.00
# Visual Studio 2012
Project("{FAE04EC0-301F-11D3-BF4B-00C04F79EFBC}") = "EdFi.Rest.Sample.UnitTests", "EdFi.Rest.Sample.UnitTests\EdFi.Rest.Sample.UnitTests.csproj", "{FF2238F2-F952-4D53-936D-D4F720782603}"
EndProject
Project("{FAE04EC0-301F-11D3-BF4B-00C04F79EFBC}") = "EdFi.Rest.Sdk", "EdFi.Rest.Sdk\EdFi.Rest.Sdk.csproj", "{42AA88DB-2AB2-49E5-A3D7-69C9F1EA715A}"
EndProject
Global
	GlobalSection(SolutionConfigurationPlatforms) = preSolution
		Debug|Any CPU = Debug|Any CPU
		Release|Any CPU = Release|Any CPU
	EndGlobalSection
	GlobalSection(ProjectConfigurationPlatforms) = postSolution
		{FF2238F2-F952-4D53-936D-D4F720782603}.Debug|Any CPU.ActiveCfg = Debug|Any CPU
		{FF2238F2-F952-4D53-936D-D4F720782603}.Debug|Any CPU.Build.0 = Debug|Any CPU
		{FF2238F2-F952-4D53-936D-D4F720782603}.Release|Any CPU.ActiveCfg = Release|Any CPU
		{FF2238F2-F952-4D53-936D-D4F720782603}.Release|Any CPU.Build.0 = Release|Any CPU
		{42AA88DB-2AB2-49E5-A3D7-69C9F1EA715A}.Debug|Any CPU.ActiveCfg = Debug|Any CPU
		{42AA88DB-2AB2-49E5-A3D7-69C9F1EA715A}.Debug|Any CPU.Build.0 = Debug|Any CPU
		{42AA88DB-2AB2-49E5-A3D7-69C9F1EA715A}.Release|Any CPU.ActiveCfg = Release|Any CPU
		{42AA88DB-2AB2-49E5-A3D7-69C9F1EA715A}.Release|Any CPU.Build.0 = Release|Any CPU
	EndGlobalSection
	GlobalSection(SolutionProperties) = preSolution
		HideSolutionNode = FALSE
	EndGlobalSection
EndGlobal
